// !$*UTF8*$!
{
	archiveVersion = 1;
	classes = {
	};
	objectVersion = 56;
	objects = {

/* Begin PBXBuildFile section */
		64337B8D28DBC9AF0035D0CB /* RegisterCoordinator.swift in Sources */ = {isa = PBXBuildFile; fileRef = 64337B8C28DBC9AF0035D0CB /* RegisterCoordinator.swift */; };
		64337B9028DBCA0B0035D0CB /* RegisterViewController.swift in Sources */ = {isa = PBXBuildFile; fileRef = 64337B8F28DBCA0B0035D0CB /* RegisterViewController.swift */; };
		64337B9228DBCB550035D0CB /* LoginView.swift in Sources */ = {isa = PBXBuildFile; fileRef = 64337B9128DBCB550035D0CB /* LoginView.swift */; };
		64337B9528DBCB840035D0CB /* ConfigurableView.swift in Sources */ = {isa = PBXBuildFile; fileRef = 64337B9428DBCB840035D0CB /* ConfigurableView.swift */; };
		64337B9728DBD7DD0035D0CB /* RegisterView.swift in Sources */ = {isa = PBXBuildFile; fileRef = 64337B9628DBD7DD0035D0CB /* RegisterView.swift */; };
		64337B9A28DC08DF0035D0CB /* ForgotCoordinator.swift in Sources */ = {isa = PBXBuildFile; fileRef = 64337B9928DC08DF0035D0CB /* ForgotCoordinator.swift */; };
		64337B9C28DC092F0035D0CB /* ForgotViewController.swift in Sources */ = {isa = PBXBuildFile; fileRef = 64337B9B28DC092F0035D0CB /* ForgotViewController.swift */; };
		64337B9E28DC093B0035D0CB /* ForgotView.swift in Sources */ = {isa = PBXBuildFile; fileRef = 64337B9D28DC093B0035D0CB /* ForgotView.swift */; };
		643F1B2E28DBC2EF00FB3CE5 /* AppDelegate.swift in Sources */ = {isa = PBXBuildFile; fileRef = 643F1B2D28DBC2EF00FB3CE5 /* AppDelegate.swift */; };
		643F1B3028DBC2EF00FB3CE5 /* SceneDelegate.swift in Sources */ = {isa = PBXBuildFile; fileRef = 643F1B2F28DBC2EF00FB3CE5 /* SceneDelegate.swift */; };
		643F1B3728DBC2F100FB3CE5 /* Assets.xcassets in Resources */ = {isa = PBXBuildFile; fileRef = 643F1B3628DBC2F100FB3CE5 /* Assets.xcassets */; };
		643F1B3A28DBC2F100FB3CE5 /* LaunchScreen.storyboard in Resources */ = {isa = PBXBuildFile; fileRef = 643F1B3828DBC2F100FB3CE5 /* LaunchScreen.storyboard */; };
		643F1B4528DBC2F100FB3CE5 /* AppCoordinatorTests.swift in Sources */ = {isa = PBXBuildFile; fileRef = 643F1B4428DBC2F100FB3CE5 /* AppCoordinatorTests.swift */; };
		643F1B4F28DBC2F100FB3CE5 /* AppCoordinatorUITests.swift in Sources */ = {isa = PBXBuildFile; fileRef = 643F1B4E28DBC2F100FB3CE5 /* AppCoordinatorUITests.swift */; };
		643F1B5128DBC2F100FB3CE5 /* AppCoordinatorUITestsLaunchTests.swift in Sources */ = {isa = PBXBuildFile; fileRef = 643F1B5028DBC2F100FB3CE5 /* AppCoordinatorUITestsLaunchTests.swift */; };
		643F1B6128DBC3E600FB3CE5 /* Coordinator.swift in Sources */ = {isa = PBXBuildFile; fileRef = 643F1B6028DBC3E600FB3CE5 /* Coordinator.swift */; };
		643F1B6328DBC46300FB3CE5 /* LoginCoordinator.swift in Sources */ = {isa = PBXBuildFile; fileRef = 643F1B6228DBC46300FB3CE5 /* LoginCoordinator.swift */; };
		643F1B6628DBC6CE00FB3CE5 /* LoginViewController.swift in Sources */ = {isa = PBXBuildFile; fileRef = 643F1B6528DBC6CE00FB3CE5 /* LoginViewController.swift */; };
/* End PBXBuildFile section */

/* Begin PBXContainerItemProxy section */
		643F1B4128DBC2F100FB3CE5 /* PBXContainerItemProxy */ = {
			isa = PBXContainerItemProxy;
			containerPortal = 643F1B2228DBC2EF00FB3CE5 /* Project object */;
			proxyType = 1;
			remoteGlobalIDString = 643F1B2928DBC2EF00FB3CE5;
			remoteInfo = AppCoordinator;
		};
		643F1B4B28DBC2F100FB3CE5 /* PBXContainerItemProxy */ = {
			isa = PBXContainerItemProxy;
			containerPortal = 643F1B2228DBC2EF00FB3CE5 /* Project object */;
			proxyType = 1;
			remoteGlobalIDString = 643F1B2928DBC2EF00FB3CE5;
			remoteInfo = AppCoordinator;
		};
/* End PBXContainerItemProxy section */

/* Begin PBXFileReference section */
		64337B8C28DBC9AF0035D0CB /* RegisterCoordinator.swift */ = {isa = PBXFileReference; lastKnownFileType = sourcecode.swift; path = RegisterCoordinator.swift; sourceTree = "<group>"; };
		64337B8F28DBCA0B0035D0CB /* RegisterViewController.swift */ = {isa = PBXFileReference; lastKnownFileType = sourcecode.swift; path = RegisterViewController.swift; sourceTree = "<group>"; };
		64337B9128DBCB550035D0CB /* LoginView.swift */ = {isa = PBXFileReference; lastKnownFileType = sourcecode.swift; path = LoginView.swift; sourceTree = "<group>"; };
		64337B9428DBCB840035D0CB /* ConfigurableView.swift */ = {isa = PBXFileReference; lastKnownFileType = sourcecode.swift; path = ConfigurableView.swift; sourceTree = "<group>"; };
		64337B9628DBD7DD0035D0CB /* RegisterView.swift */ = {isa = PBXFileReference; lastKnownFileType = sourcecode.swift; path = RegisterView.swift; sourceTree = "<group>"; };
		64337B9928DC08DF0035D0CB /* ForgotCoordinator.swift */ = {isa = PBXFileReference; lastKnownFileType = sourcecode.swift; path = ForgotCoordinator.swift; sourceTree = "<group>"; };
		64337B9B28DC092F0035D0CB /* ForgotViewController.swift */ = {isa = PBXFileReference; lastKnownFileType = sourcecode.swift; path = ForgotViewController.swift; sourceTree = "<group>"; };
		64337B9D28DC093B0035D0CB /* ForgotView.swift */ = {isa = PBXFileReference; lastKnownFileType = sourcecode.swift; path = ForgotView.swift; sourceTree = "<group>"; };
		643F1B2A28DBC2EF00FB3CE5 /* AppCoordinator.app */ = {isa = PBXFileReference; explicitFileType = wrapper.application; includeInIndex = 0; path = AppCoordinator.app; sourceTree = BUILT_PRODUCTS_DIR; };
		643F1B2D28DBC2EF00FB3CE5 /* AppDelegate.swift */ = {isa = PBXFileReference; lastKnownFileType = sourcecode.swift; path = AppDelegate.swift; sourceTree = "<group>"; };
		643F1B2F28DBC2EF00FB3CE5 /* SceneDelegate.swift */ = {isa = PBXFileReference; lastKnownFileType = sourcecode.swift; path = SceneDelegate.swift; sourceTree = "<group>"; };
		643F1B3628DBC2F100FB3CE5 /* Assets.xcassets */ = {isa = PBXFileReference; lastKnownFileType = folder.assetcatalog; path = Assets.xcassets; sourceTree = "<group>"; };
		643F1B3928DBC2F100FB3CE5 /* Base */ = {isa = PBXFileReference; lastKnownFileType = file.storyboard; name = Base; path = Base.lproj/LaunchScreen.storyboard; sourceTree = "<group>"; };
		643F1B3B28DBC2F100FB3CE5 /* Info.plist */ = {isa = PBXFileReference; lastKnownFileType = text.plist.xml; path = Info.plist; sourceTree = "<group>"; };
		643F1B4028DBC2F100FB3CE5 /* AppCoordinatorTests.xctest */ = {isa = PBXFileReference; explicitFileType = wrapper.cfbundle; includeInIndex = 0; path = AppCoordinatorTests.xctest; sourceTree = BUILT_PRODUCTS_DIR; };
		643F1B4428DBC2F100FB3CE5 /* AppCoordinatorTests.swift */ = {isa = PBXFileReference; lastKnownFileType = sourcecode.swift; path = AppCoordinatorTests.swift; sourceTree = "<group>"; };
		643F1B4A28DBC2F100FB3CE5 /* AppCoordinatorUITests.xctest */ = {isa = PBXFileReference; explicitFileType = wrapper.cfbundle; includeInIndex = 0; path = AppCoordinatorUITests.xctest; sourceTree = BUILT_PRODUCTS_DIR; };
		643F1B4E28DBC2F100FB3CE5 /* AppCoordinatorUITests.swift */ = {isa = PBXFileReference; lastKnownFileType = sourcecode.swift; path = AppCoordinatorUITests.swift; sourceTree = "<group>"; };
		643F1B5028DBC2F100FB3CE5 /* AppCoordinatorUITestsLaunchTests.swift */ = {isa = PBXFileReference; lastKnownFileType = sourcecode.swift; path = AppCoordinatorUITestsLaunchTests.swift; sourceTree = "<group>"; };
		643F1B6028DBC3E600FB3CE5 /* Coordinator.swift */ = {isa = PBXFileReference; lastKnownFileType = sourcecode.swift; path = Coordinator.swift; sourceTree = "<group>"; };
		643F1B6228DBC46300FB3CE5 /* LoginCoordinator.swift */ = {isa = PBXFileReference; lastKnownFileType = sourcecode.swift; path = LoginCoordinator.swift; sourceTree = "<group>"; };
		643F1B6528DBC6CE00FB3CE5 /* LoginViewController.swift */ = {isa = PBXFileReference; lastKnownFileType = sourcecode.swift; path = LoginViewController.swift; sourceTree = "<group>"; };
/* End PBXFileReference section */

/* Begin PBXFrameworksBuildPhase section */
		643F1B2728DBC2EF00FB3CE5 /* Frameworks */ = {
			isa = PBXFrameworksBuildPhase;
			buildActionMask = 2147483647;
			files = (
			);
			runOnlyForDeploymentPostprocessing = 0;
		};
		643F1B3D28DBC2F100FB3CE5 /* Frameworks */ = {
			isa = PBXFrameworksBuildPhase;
			buildActionMask = 2147483647;
			files = (
			);
			runOnlyForDeploymentPostprocessing = 0;
		};
		643F1B4728DBC2F100FB3CE5 /* Frameworks */ = {
			isa = PBXFrameworksBuildPhase;
			buildActionMask = 2147483647;
			files = (
			);
			runOnlyForDeploymentPostprocessing = 0;
		};
/* End PBXFrameworksBuildPhase section */

/* Begin PBXGroup section */
		64337B8E28DBC9D80035D0CB /* Register */ = {
			isa = PBXGroup;
			children = (
				64337B8F28DBCA0B0035D0CB /* RegisterViewController.swift */,
				64337B9628DBD7DD0035D0CB /* RegisterView.swift */,
			);
			path = Register;
			sourceTree = "<group>";
		};
		64337B9328DBCB5E0035D0CB /* Utility */ = {
			isa = PBXGroup;
			children = (
				64337B9428DBCB840035D0CB /* ConfigurableView.swift */,
			);
			path = Utility;
			sourceTree = "<group>";
		};
		64337B9828DC08070035D0CB /* Forgot */ = {
			isa = PBXGroup;
			children = (
				64337B9B28DC092F0035D0CB /* ForgotViewController.swift */,
				64337B9D28DC093B0035D0CB /* ForgotView.swift */,
			);
			path = Forgot;
			sourceTree = "<group>";
		};
		643F1B2128DBC2EF00FB3CE5 = {
			isa = PBXGroup;
			children = (
				643F1B2C28DBC2EF00FB3CE5 /* AppCoordinator */,
				643F1B5D28DBC37600FB3CE5 /* Source */,
				643F1B4328DBC2F100FB3CE5 /* AppCoordinatorTests */,
				643F1B4D28DBC2F100FB3CE5 /* AppCoordinatorUITests */,
				643F1B2B28DBC2EF00FB3CE5 /* Products */,
			);
			sourceTree = "<group>";
		};
		643F1B2B28DBC2EF00FB3CE5 /* Products */ = {
			isa = PBXGroup;
			children = (
				643F1B2A28DBC2EF00FB3CE5 /* AppCoordinator.app */,
				643F1B4028DBC2F100FB3CE5 /* AppCoordinatorTests.xctest */,
				643F1B4A28DBC2F100FB3CE5 /* AppCoordinatorUITests.xctest */,
			);
			name = Products;
			sourceTree = "<group>";
		};
		643F1B2C28DBC2EF00FB3CE5 /* AppCoordinator */ = {
			isa = PBXGroup;
			children = (
				643F1B2D28DBC2EF00FB3CE5 /* AppDelegate.swift */,
				643F1B2F28DBC2EF00FB3CE5 /* SceneDelegate.swift */,
				643F1B3628DBC2F100FB3CE5 /* Assets.xcassets */,
				643F1B3828DBC2F100FB3CE5 /* LaunchScreen.storyboard */,
				643F1B3B28DBC2F100FB3CE5 /* Info.plist */,
			);
			path = AppCoordinator;
			sourceTree = "<group>";
		};
		643F1B4328DBC2F100FB3CE5 /* AppCoordinatorTests */ = {
			isa = PBXGroup;
			children = (
				643F1B4428DBC2F100FB3CE5 /* AppCoordinatorTests.swift */,
			);
			path = AppCoordinatorTests;
			sourceTree = "<group>";
		};
		643F1B4D28DBC2F100FB3CE5 /* AppCoordinatorUITests */ = {
			isa = PBXGroup;
			children = (
				643F1B4E28DBC2F100FB3CE5 /* AppCoordinatorUITests.swift */,
				643F1B5028DBC2F100FB3CE5 /* AppCoordinatorUITestsLaunchTests.swift */,
			);
			path = AppCoordinatorUITests;
			sourceTree = "<group>";
		};
		643F1B5D28DBC37600FB3CE5 /* Source */ = {
			isa = PBXGroup;
			children = (
				643F1B5E28DBC38C00FB3CE5 /* Coordinator */,
				64337B9328DBCB5E0035D0CB /* Utility */,
				643F1B5F28DBC39F00FB3CE5 /* ViewControllers */,
			);
			path = Source;
			sourceTree = "<group>";
		};
		643F1B5E28DBC38C00FB3CE5 /* Coordinator */ = {
			isa = PBXGroup;
			children = (
				643F1B6028DBC3E600FB3CE5 /* Coordinator.swift */,
				643F1B6228DBC46300FB3CE5 /* LoginCoordinator.swift */,
				64337B8C28DBC9AF0035D0CB /* RegisterCoordinator.swift */,
				64337B9928DC08DF0035D0CB /* ForgotCoordinator.swift */,
			);
			path = Coordinator;
			sourceTree = "<group>";
		};
		643F1B5F28DBC39F00FB3CE5 /* ViewControllers */ = {
			isa = PBXGroup;
			children = (
				64337B9828DC08070035D0CB /* Forgot */,
				643F1B6428DBC6BA00FB3CE5 /* Login */,
				64337B8E28DBC9D80035D0CB /* Register */,
			);
			path = ViewControllers;
			sourceTree = "<group>";
		};
		643F1B6428DBC6BA00FB3CE5 /* Login */ = {
			isa = PBXGroup;
			children = (
				643F1B6528DBC6CE00FB3CE5 /* LoginViewController.swift */,
				64337B9128DBCB550035D0CB /* LoginView.swift */,
			);
			path = Login;
			sourceTree = "<group>";
		};
/* End PBXGroup section */

/* Begin PBXNativeTarget section */
		643F1B2928DBC2EF00FB3CE5 /* AppCoordinator */ = {
			isa = PBXNativeTarget;
			buildConfigurationList = 643F1B5428DBC2F100FB3CE5 /* Build configuration list for PBXNativeTarget "AppCoordinator" */;
			buildPhases = (
				643F1B2628DBC2EF00FB3CE5 /* Sources */,
				643F1B2728DBC2EF00FB3CE5 /* Frameworks */,
				643F1B2828DBC2EF00FB3CE5 /* Resources */,
			);
			buildRules = (
			);
			dependencies = (
			);
			name = AppCoordinator;
			productName = AppCoordinator;
			productReference = 643F1B2A28DBC2EF00FB3CE5 /* AppCoordinator.app */;
			productType = "com.apple.product-type.application";
		};
		643F1B3F28DBC2F100FB3CE5 /* AppCoordinatorTests */ = {
			isa = PBXNativeTarget;
			buildConfigurationList = 643F1B5728DBC2F100FB3CE5 /* Build configuration list for PBXNativeTarget "AppCoordinatorTests" */;
			buildPhases = (
				643F1B3C28DBC2F100FB3CE5 /* Sources */,
				643F1B3D28DBC2F100FB3CE5 /* Frameworks */,
				643F1B3E28DBC2F100FB3CE5 /* Resources */,
			);
			buildRules = (
			);
			dependencies = (
				643F1B4228DBC2F100FB3CE5 /* PBXTargetDependency */,
			);
			name = AppCoordinatorTests;
			productName = AppCoordinatorTests;
			productReference = 643F1B4028DBC2F100FB3CE5 /* AppCoordinatorTests.xctest */;
			productType = "com.apple.product-type.bundle.unit-test";
		};
		643F1B4928DBC2F100FB3CE5 /* AppCoordinatorUITests */ = {
			isa = PBXNativeTarget;
			buildConfigurationList = 643F1B5A28DBC2F100FB3CE5 /* Build configuration list for PBXNativeTarget "AppCoordinatorUITests" */;
			buildPhases = (
				643F1B4628DBC2F100FB3CE5 /* Sources */,
				643F1B4728DBC2F100FB3CE5 /* Frameworks */,
				643F1B4828DBC2F100FB3CE5 /* Resources */,
			);
			buildRules = (
			);
			dependencies = (
				643F1B4C28DBC2F100FB3CE5 /* PBXTargetDependency */,
			);
			name = AppCoordinatorUITests;
			productName = AppCoordinatorUITests;
			productReference = 643F1B4A28DBC2F100FB3CE5 /* AppCoordinatorUITests.xctest */;
			productType = "com.apple.product-type.bundle.ui-testing";
		};
/* End PBXNativeTarget section */

/* Begin PBXProject section */
		643F1B2228DBC2EF00FB3CE5 /* Project object */ = {
			isa = PBXProject;
			attributes = {
				BuildIndependentTargetsInParallel = 1;
				LastSwiftUpdateCheck = 1400;
				LastUpgradeCheck = 1400;
				TargetAttributes = {
					643F1B2928DBC2EF00FB3CE5 = {
						CreatedOnToolsVersion = 14.0;
					};
					643F1B3F28DBC2F100FB3CE5 = {
						CreatedOnToolsVersion = 14.0;
						TestTargetID = 643F1B2928DBC2EF00FB3CE5;
					};
					643F1B4928DBC2F100FB3CE5 = {
						CreatedOnToolsVersion = 14.0;
						TestTargetID = 643F1B2928DBC2EF00FB3CE5;
					};
				};
			};
			buildConfigurationList = 643F1B2528DBC2EF00FB3CE5 /* Build configuration list for PBXProject "AppCoordinator" */;
			compatibilityVersion = "Xcode 14.0";
			developmentRegion = en;
			hasScannedForEncodings = 0;
			knownRegions = (
				en,
				Base,
			);
			mainGroup = 643F1B2128DBC2EF00FB3CE5;
			productRefGroup = 643F1B2B28DBC2EF00FB3CE5 /* Products */;
			projectDirPath = "";
			projectRoot = "";
			targets = (
				643F1B2928DBC2EF00FB3CE5 /* AppCoordinator */,
				643F1B3F28DBC2F100FB3CE5 /* AppCoordinatorTests */,
				643F1B4928DBC2F100FB3CE5 /* AppCoordinatorUITests */,
			);
		};
/* End PBXProject section */

/* Begin PBXResourcesBuildPhase section */
		643F1B2828DBC2EF00FB3CE5 /* Resources */ = {
			isa = PBXResourcesBuildPhase;
			buildActionMask = 2147483647;
			files = (
				643F1B3A28DBC2F100FB3CE5 /* LaunchScreen.storyboard in Resources */,
				643F1B3728DBC2F100FB3CE5 /* Assets.xcassets in Resources */,
			);
			runOnlyForDeploymentPostprocessing = 0;
		};
		643F1B3E28DBC2F100FB3CE5 /* Resources */ = {
			isa = PBXResourcesBuildPhase;
			buildActionMask = 2147483647;
			files = (
			);
			runOnlyForDeploymentPostprocessing = 0;
		};
		643F1B4828DBC2F100FB3CE5 /* Resources */ = {
			isa = PBXResourcesBuildPhase;
			buildActionMask = 2147483647;
			files = (
			);
			runOnlyForDeploymentPostprocessing = 0;
		};
/* End PBXResourcesBuildPhase section */

/* Begin PBXSourcesBuildPhase section */
		643F1B2628DBC2EF00FB3CE5 /* Sources */ = {
			isa = PBXSourcesBuildPhase;
			buildActionMask = 2147483647;
			files = (
				643F1B2E28DBC2EF00FB3CE5 /* AppDelegate.swift in Sources */,
				64337B9728DBD7DD0035D0CB /* RegisterView.swift in Sources */,
				643F1B3028DBC2EF00FB3CE5 /* SceneDelegate.swift in Sources */,
				64337B9028DBCA0B0035D0CB /* RegisterViewController.swift in Sources */,
				64337B9528DBCB840035D0CB /* ConfigurableView.swift in Sources */,
				64337B9C28DC092F0035D0CB /* ForgotViewController.swift in Sources */,
				643F1B6328DBC46300FB3CE5 /* LoginCoordinator.swift in Sources */,
				64337B9A28DC08DF0035D0CB /* ForgotCoordinator.swift in Sources */,
				643F1B6628DBC6CE00FB3CE5 /* LoginViewController.swift in Sources */,
				643F1B6128DBC3E600FB3CE5 /* Coordinator.swift in Sources */,
				64337B9228DBCB550035D0CB /* LoginView.swift in Sources */,
				64337B8D28DBC9AF0035D0CB /* RegisterCoordinator.swift in Sources */,
				64337B9E28DC093B0035D0CB /* ForgotView.swift in Sources */,
			);
			runOnlyForDeploymentPostprocessing = 0;
		};
		643F1B3C28DBC2F100FB3CE5 /* Sources */ = {
			isa = PBXSourcesBuildPhase;
			buildActionMask = 2147483647;
			files = (
				643F1B4528DBC2F100FB3CE5 /* AppCoordinatorTests.swift in Sources */,
			);
			runOnlyForDeploymentPostprocessing = 0;
		};
		643F1B4628DBC2F100FB3CE5 /* Sources */ = {
			isa = PBXSourcesBuildPhase;
			buildActionMask = 2147483647;
			files = (
				643F1B4F28DBC2F100FB3CE5 /* AppCoordinatorUITests.swift in Sources */,
				643F1B5128DBC2F100FB3CE5 /* AppCoordinatorUITestsLaunchTests.swift in Sources */,
			);
			runOnlyForDeploymentPostprocessing = 0;
		};
/* End PBXSourcesBuildPhase section */

/* Begin PBXTargetDependency section */
		643F1B4228DBC2F100FB3CE5 /* PBXTargetDependency */ = {
			isa = PBXTargetDependency;
			target = 643F1B2928DBC2EF00FB3CE5 /* AppCoordinator */;
			targetProxy = 643F1B4128DBC2F100FB3CE5 /* PBXContainerItemProxy */;
		};
		643F1B4C28DBC2F100FB3CE5 /* PBXTargetDependency */ = {
			isa = PBXTargetDependency;
			target = 643F1B2928DBC2EF00FB3CE5 /* AppCoordinator */;
			targetProxy = 643F1B4B28DBC2F100FB3CE5 /* PBXContainerItemProxy */;
		};
/* End PBXTargetDependency section */

/* Begin PBXVariantGroup section */
		643F1B3828DBC2F100FB3CE5 /* LaunchScreen.storyboard */ = {
			isa = PBXVariantGroup;
			children = (
				643F1B3928DBC2F100FB3CE5 /* Base */,
			);
			name = LaunchScreen.storyboard;
			sourceTree = "<group>";
		};
/* End PBXVariantGroup section */

/* Begin XCBuildConfiguration section */
		643F1B5228DBC2F100FB3CE5 /* Debug */ = {
			isa = XCBuildConfiguration;
			buildSettings = {
				ALWAYS_SEARCH_USER_PATHS = NO;
				CLANG_ANALYZER_NONNULL = YES;
				CLANG_ANALYZER_NUMBER_OBJECT_CONVERSION = YES_AGGRESSIVE;
				CLANG_CXX_LANGUAGE_STANDARD = "gnu++20";
				CLANG_ENABLE_MODULES = YES;
				CLANG_ENABLE_OBJC_ARC = YES;
				CLANG_ENABLE_OBJC_WEAK = YES;
				CLANG_WARN_BLOCK_CAPTURE_AUTORELEASING = YES;
				CLANG_WARN_BOOL_CONVERSION = YES;
				CLANG_WARN_COMMA = YES;
				CLANG_WARN_CONSTANT_CONVERSION = YES;
				CLANG_WARN_DEPRECATED_OBJC_IMPLEMENTATIONS = YES;
				CLANG_WARN_DIRECT_OBJC_ISA_USAGE = YES_ERROR;
				CLANG_WARN_DOCUMENTATION_COMMENTS = YES;
				CLANG_WARN_EMPTY_BODY = YES;
				CLANG_WARN_ENUM_CONVERSION = YES;
				CLANG_WARN_INFINITE_RECURSION = YES;
				CLANG_WARN_INT_CONVERSION = YES;
				CLANG_WARN_NON_LITERAL_NULL_CONVERSION = YES;
				CLANG_WARN_OBJC_IMPLICIT_RETAIN_SELF = YES;
				CLANG_WARN_OBJC_LITERAL_CONVERSION = YES;
				CLANG_WARN_OBJC_ROOT_CLASS = YES_ERROR;
				CLANG_WARN_QUOTED_INCLUDE_IN_FRAMEWORK_HEADER = YES;
				CLANG_WARN_RANGE_LOOP_ANALYSIS = YES;
				CLANG_WARN_STRICT_PROTOTYPES = YES;
				CLANG_WARN_SUSPICIOUS_MOVE = YES;
				CLANG_WARN_UNGUARDED_AVAILABILITY = YES_AGGRESSIVE;
				CLANG_WARN_UNREACHABLE_CODE = YES;
				CLANG_WARN__DUPLICATE_METHOD_MATCH = YES;
				COPY_PHASE_STRIP = NO;
				DEBUG_INFORMATION_FORMAT = dwarf;
				ENABLE_STRICT_OBJC_MSGSEND = YES;
				ENABLE_TESTABILITY = YES;
				GCC_C_LANGUAGE_STANDARD = gnu11;
				GCC_DYNAMIC_NO_PIC = NO;
				GCC_NO_COMMON_BLOCKS = YES;
				GCC_OPTIMIZATION_LEVEL = 0;
				GCC_PREPROCESSOR_DEFINITIONS = (
					"DEBUG=1",
					"$(inherited)",
				);
				GCC_WARN_64_TO_32_BIT_CONVERSION = YES;
				GCC_WARN_ABOUT_RETURN_TYPE = YES_ERROR;
				GCC_WARN_UNDECLARED_SELECTOR = YES;
				GCC_WARN_UNINITIALIZED_AUTOS = YES_AGGRESSIVE;
				GCC_WARN_UNUSED_FUNCTION = YES;
				GCC_WARN_UNUSED_VARIABLE = YES;
				IPHONEOS_DEPLOYMENT_TARGET = 16.0;
				MTL_ENABLE_DEBUG_INFO = INCLUDE_SOURCE;
				MTL_FAST_MATH = YES;
				ONLY_ACTIVE_ARCH = YES;
				SDKROOT = iphoneos;
				SWIFT_ACTIVE_COMPILATION_CONDITIONS = DEBUG;
				SWIFT_OPTIMIZATION_LEVEL = "-Onone";
			};
			name = Debug;
		};
		643F1B5328DBC2F100FB3CE5 /* Release */ = {
			isa = XCBuildConfiguration;
			buildSettings = {
				ALWAYS_SEARCH_USER_PATHS = NO;
				CLANG_ANALYZER_NONNULL = YES;
				CLANG_ANALYZER_NUMBER_OBJECT_CONVERSION = YES_AGGRESSIVE;
				CLANG_CXX_LANGUAGE_STANDARD = "gnu++20";
				CLANG_ENABLE_MODULES = YES;
				CLANG_ENABLE_OBJC_ARC = YES;
				CLANG_ENABLE_OBJC_WEAK = YES;
				CLANG_WARN_BLOCK_CAPTURE_AUTORELEASING = YES;
				CLANG_WARN_BOOL_CONVERSION = YES;
				CLANG_WARN_COMMA = YES;
				CLANG_WARN_CONSTANT_CONVERSION = YES;
				CLANG_WARN_DEPRECATED_OBJC_IMPLEMENTATIONS = YES;
				CLANG_WARN_DIRECT_OBJC_ISA_USAGE = YES_ERROR;
				CLANG_WARN_DOCUMENTATION_COMMENTS = YES;
				CLANG_WARN_EMPTY_BODY = YES;
				CLANG_WARN_ENUM_CONVERSION = YES;
				CLANG_WARN_INFINITE_RECURSION = YES;
				CLANG_WARN_INT_CONVERSION = YES;
				CLANG_WARN_NON_LITERAL_NULL_CONVERSION = YES;
				CLANG_WARN_OBJC_IMPLICIT_RETAIN_SELF = YES;
				CLANG_WARN_OBJC_LITERAL_CONVERSION = YES;
				CLANG_WARN_OBJC_ROOT_CLASS = YES_ERROR;
				CLANG_WARN_QUOTED_INCLUDE_IN_FRAMEWORK_HEADER = YES;
				CLANG_WARN_RANGE_LOOP_ANALYSIS = YES;
				CLANG_WARN_STRICT_PROTOTYPES = YES;
				CLANG_WARN_SUSPICIOUS_MOVE = YES;
				CLANG_WARN_UNGUARDED_AVAILABILITY = YES_AGGRESSIVE;
				CLANG_WARN_UNREACHABLE_CODE = YES;
				CLANG_WARN__DUPLICATE_METHOD_MATCH = YES;
				COPY_PHASE_STRIP = NO;
				DEBUG_INFORMATION_FORMAT = "dwarf-with-dsym";
				ENABLE_NS_ASSERTIONS = NO;
				ENABLE_STRICT_OBJC_MSGSEND = YES;
				GCC_C_LANGUAGE_STANDARD = gnu11;
				GCC_NO_COMMON_BLOCKS = YES;
				GCC_WARN_64_TO_32_BIT_CONVERSION = YES;
				GCC_WARN_ABOUT_RETURN_TYPE = YES_ERROR;
				GCC_WARN_UNDECLARED_SELECTOR = YES;
				GCC_WARN_UNINITIALIZED_AUTOS = YES_AGGRESSIVE;
				GCC_WARN_UNUSED_FUNCTION = YES;
				GCC_WARN_UNUSED_VARIABLE = YES;
				IPHONEOS_DEPLOYMENT_TARGET = 16.0;
				MTL_ENABLE_DEBUG_INFO = NO;
				MTL_FAST_MATH = YES;
				SDKROOT = iphoneos;
				SWIFT_COMPILATION_MODE = wholemodule;
				SWIFT_OPTIMIZATION_LEVEL = "-O";
				VALIDATE_PRODUCT = YES;
			};
			name = Release;
		};
		643F1B5528DBC2F100FB3CE5 /* Debug */ = {
			isa = XCBuildConfiguration;
			buildSettings = {
				ASSETCATALOG_COMPILER_APPICON_NAME = AppIcon;
				ASSETCATALOG_COMPILER_GLOBAL_ACCENT_COLOR_NAME = AccentColor;
				CODE_SIGN_STYLE = Automatic;
				CURRENT_PROJECT_VERSION = 1;
				GENERATE_INFOPLIST_FILE = YES;
				INFOPLIST_FILE = AppCoordinator/Info.plist;
				INFOPLIST_KEY_UIApplicationSupportsIndirectInputEvents = YES;
				INFOPLIST_KEY_UILaunchStoryboardName = LaunchScreen;
				INFOPLIST_KEY_UIMainStoryboardFile = Main;
				INFOPLIST_KEY_UISupportedInterfaceOrientations_iPad = "UIInterfaceOrientationPortrait UIInterfaceOrientationPortraitUpsideDown UIInterfaceOrientationLandscapeLeft UIInterfaceOrientationLandscapeRight";
				INFOPLIST_KEY_UISupportedInterfaceOrientations_iPhone = "UIInterfaceOrientationPortrait UIInterfaceOrientationLandscapeLeft UIInterfaceOrientationLandscapeRight";
				LD_RUNPATH_SEARCH_PATHS = (
					"$(inherited)",
					"@executable_path/Frameworks",
				);
				MARKETING_VERSION = 1.0;
				PRODUCT_BUNDLE_IDENTIFIER = com.raphael.AppCoordinator;
				PRODUCT_NAME = "$(TARGET_NAME)";
				SWIFT_EMIT_LOC_STRINGS = YES;
				SWIFT_VERSION = 5.0;
				TARGETED_DEVICE_FAMILY = "1,2";
			};
			name = Debug;
		};
		643F1B5628DBC2F100FB3CE5 /* Release */ = {
			isa = XCBuildConfiguration;
			buildSettings = {
				ASSETCATALOG_COMPILER_APPICON_NAME = AppIcon;
				ASSETCATALOG_COMPILER_GLOBAL_ACCENT_COLOR_NAME = AccentColor;
				CODE_SIGN_STYLE = Automatic;
				CURRENT_PROJECT_VERSION = 1;
				GENERATE_INFOPLIST_FILE = YES;
				INFOPLIST_FILE = AppCoordinator/Info.plist;
				INFOPLIST_KEY_UIApplicationSupportsIndirectInputEvents = YES;
				INFOPLIST_KEY_UILaunchStoryboardName = LaunchScreen;
				INFOPLIST_KEY_UIMainStoryboardFile = Main;
				INFOPLIST_KEY_UISupportedInterfaceOrientations_iPad = "UIInterfaceOrientationPortrait UIInterfaceOrientationPortraitUpsideDown UIInterfaceOrientationLandscapeLeft UIInterfaceOrientationLandscapeRight";
				INFOPLIST_KEY_UISupportedInterfaceOrientations_iPhone = "UIInterfaceOrientationPortrait UIInterfaceOrientationLandscapeLeft UIInterfaceOrientationLandscapeRight";
				LD_RUNPATH_SEARCH_PATHS = (
					"$(inherited)",
					"@executable_path/Frameworks",
				);
				MARKETING_VERSION = 1.0;
				PRODUCT_BUNDLE_IDENTIFIER = com.raphael.AppCoordinator;
				PRODUCT_NAME = "$(TARGET_NAME)";
				SWIFT_EMIT_LOC_STRINGS = YES;
				SWIFT_VERSION = 5.0;
				TARGETED_DEVICE_FAMILY = "1,2";
			};
			name = Release;
		};
		643F1B5828DBC2F100FB3CE5 /* Debug */ = {
			isa = XCBuildConfiguration;
			buildSettings = {
				ALWAYS_EMBED_SWIFT_STANDARD_LIBRARIES = YES;
				BUNDLE_LOADER = "$(TEST_HOST)";
				CODE_SIGN_STYLE = Automatic;
				CURRENT_PROJECT_VERSION = 1;
				GENERATE_INFOPLIST_FILE = YES;
				IPHONEOS_DEPLOYMENT_TARGET = 16.0;
				MARKETING_VERSION = 1.0;
				PRODUCT_BUNDLE_IDENTIFIER = com.raphael.AppCoordinatorTests;
				PRODUCT_NAME = "$(TARGET_NAME)";
				SWIFT_EMIT_LOC_STRINGS = NO;
				SWIFT_VERSION = 5.0;
				TARGETED_DEVICE_FAMILY = "1,2";
				TEST_HOST = "$(BUILT_PRODUCTS_DIR)/AppCoordinator.app/$(BUNDLE_EXECUTABLE_FOLDER_PATH)/AppCoordinator";
			};
			name = Debug;
		};
		643F1B5928DBC2F100FB3CE5 /* Release */ = {
			isa = XCBuildConfiguration;
			buildSettings = {
				ALWAYS_EMBED_SWIFT_STANDARD_LIBRARIES = YES;
				BUNDLE_LOADER = "$(TEST_HOST)";
				CODE_SIGN_STYLE = Automatic;
				CURRENT_PROJECT_VERSION = 1;
				GENERATE_INFOPLIST_FILE = YES;
				IPHONEOS_DEPLOYMENT_TARGET = 16.0;
				MARKETING_VERSION = 1.0;
				PRODUCT_BUNDLE_IDENTIFIER = com.raphael.AppCoordinatorTests;
				PRODUCT_NAME = "$(TARGET_NAME)";
				SWIFT_EMIT_LOC_STRINGS = NO;
				SWIFT_VERSION = 5.0;
				TARGETED_DEVICE_FAMILY = "1,2";
				TEST_HOST = "$(BUILT_PRODUCTS_DIR)/AppCoordinator.app/$(BUNDLE_EXECUTABLE_FOLDER_PATH)/AppCoordinator";
			};
			name = Release;
		};
		643F1B5B28DBC2F100FB3CE5 /* Debug */ = {
			isa = XCBuildConfiguration;
			buildSettings = {
				ALWAYS_EMBED_SWIFT_STANDARD_LIBRARIES = YES;
				CODE_SIGN_STYLE = Automatic;
				CURRENT_PROJECT_VERSION = 1;
				GENERATE_INFOPLIST_FILE = YES;
				MARKETING_VERSION = 1.0;
				PRODUCT_BUNDLE_IDENTIFIER = com.raphael.AppCoordinatorUITests;
				PRODUCT_NAME = "$(TARGET_NAME)";
				SWIFT_EMIT_LOC_STRINGS = NO;
				SWIFT_VERSION = 5.0;
				TARGETED_DEVICE_FAMILY = "1,2";
				TEST_TARGET_NAME = AppCoordinator;
			};
			name = Debug;
		};
		643F1B5C28DBC2F100FB3CE5 /* Release */ = {
			isa = XCBuildConfiguration;
			buildSettings = {
				ALWAYS_EMBED_SWIFT_STANDARD_LIBRARIES = YES;
				CODE_SIGN_STYLE = Automatic;
				CURRENT_PROJECT_VERSION = 1;
				GENERATE_INFOPLIST_FILE = YES;
				MARKETING_VERSION = 1.0;
				PRODUCT_BUNDLE_IDENTIFIER = com.raphael.AppCoordinatorUITests;
				PRODUCT_NAME = "$(TARGET_NAME)";
				SWIFT_EMIT_LOC_STRINGS = NO;
				SWIFT_VERSION = 5.0;
				TARGETED_DEVICE_FAMILY = "1,2";
				TEST_TARGET_NAME = AppCoordinator;
			};
			name = Release;
		};
/* End XCBuildConfiguration section */

/* Begin XCConfigurationList section */
		643F1B2528DBC2EF00FB3CE5 /* Build configuration list for PBXProject "AppCoordinator" */ = {
			isa = XCConfigurationList;
			buildConfigurations = (
				643F1B5228DBC2F100FB3CE5 /* Debug */,
				643F1B5328DBC2F100FB3CE5 /* Release */,
			);
			defaultConfigurationIsVisible = 0;
			defaultConfigurationName = Release;
		};
		643F1B5428DBC2F100FB3CE5 /* Build configuration list for PBXNativeTarget "AppCoordinator" */ = {
			isa = XCConfigurationList;
			buildConfigurations = (
				643F1B5528DBC2F100FB3CE5 /* Debug */,
				643F1B5628DBC2F100FB3CE5 /* Release */,
			);
			defaultConfigurationIsVisible = 0;
			defaultConfigurationName = Release;
		};
		643F1B5728DBC2F100FB3CE5 /* Build configuration list for PBXNativeTarget "AppCoordinatorTests" */ = {
			isa = XCConfigurationList;
			buildConfigurations = (
				643F1B5828DBC2F100FB3CE5 /* Debug */,
				643F1B5928DBC2F100FB3CE5 /* Release */,
			);
			defaultConfigurationIsVisible = 0;
			defaultConfigurationName = Release;
		};
		643F1B5A28DBC2F100FB3CE5 /* Build configuration list for PBXNativeTarget "AppCoordinatorUITests" */ = {
			isa = XCConfigurationList;
			buildConfigurations = (
				643F1B5B28DBC2F100FB3CE5 /* Debug */,
				643F1B5C28DBC2F100FB3CE5 /* Release */,
			);
			defaultConfigurationIsVisible = 0;
			defaultConfigurationName = Release;
		};
/* End XCConfigurationList section */
	};
	rootObject = 643F1B2228DBC2EF00FB3CE5 /* Project object */;
}
